
Microsoft Visual Studio Solution File, Format Version 12.00
# Visual Studio Version 17
VisualStudioVersion = 17.8.34330.188
MinimumVisualStudioVersion = 10.0.40219.1
Project("{FAE04EC0-301F-11D3-BF4B-00C04F79EFBC}") = "StringManipulation", "StringManipulation\StringManipulation.csproj", "{D9A98304-F495-4108-A792-766A8738007F}"
EndProject
Project("{FAE04EC0-301F-11D3-BF4B-00C04F79EFBC}") = "Hangman", "Hangman\Hangman.csproj", "{EF54E40C-3E75-4F01-B40E-952EE2DDD22D}"
EndProject
Global
	GlobalSection(SolutionConfigurationPlatforms) = preSolution
		Debug|Any CPU = Debug|Any CPU
		Release|Any CPU = Release|Any CPU
	EndGlobalSection
	GlobalSection(ProjectConfigurationPlatforms) = postSolution
		{D9A98304-F495-4108-A792-766A8738007F}.Debug|Any CPU.ActiveCfg = Debug|Any CPU
		{D9A98304-F495-4108-A792-766A8738007F}.Debug|Any CPU.Build.0 = Debug|Any CPU
		{D9A98304-F495-4108-A792-766A8738007F}.Release|Any CPU.ActiveCfg = Release|Any CPU
		{D9A98304-F495-4108-A792-766A8738007F}.Release|Any CPU.Build.0 = Release|Any CPU
		{EF54E40C-3E75-4F01-B40E-952EE2DDD22D}.Debug|Any CPU.ActiveCfg = Debug|Any CPU
		{EF54E40C-3E75-4F01-B40E-952EE2DDD22D}.Debug|Any CPU.Build.0 = Debug|Any CPU
		{EF54E40C-3E75-4F01-B40E-952EE2DDD22D}.Release|Any CPU.ActiveCfg = Release|Any CPU
		{EF54E40C-3E75-4F01-B40E-952EE2DDD22D}.Release|Any CPU.Build.0 = Release|Any CPU
	EndGlobalSection
	GlobalSection(SolutionProperties) = preSolution
		HideSolutionNode = FALSE
	EndGlobalSection
	GlobalSection(ExtensibilityGlobals) = postSolution
		SolutionGuid = {3A19B91A-E6B3-4E6E-9ABE-C6B1EB6D9E0F}
	EndGlobalSection
EndGlobal
